
Microsoft Visual Studio Solution File, Format Version 12.00
# Visual Studio Version 16
VisualStudioVersion = 16.0.30114.105
MinimumVisualStudioVersion = 10.0.40219.1
Project("{FAE04EC0-301F-11D3-BF4B-00C04F79EFBC}") = "FuelLog", "FuelLog\FuelLog.csproj", "{29062285-9DCE-4A87-A2BC-4FC97CF030FB}"
EndProject
Global
	GlobalSection(SolutionConfigurationPlatforms) = preSolution
		Debug|Any CPU = Debug|Any CPU
		Release|Any CPU = Release|Any CPU
	EndGlobalSection
	GlobalSection(ProjectConfigurationPlatforms) = postSolution
		{29062285-9DCE-4A87-A2BC-4FC97CF030FB}.Debug|Any CPU.ActiveCfg = Debug|Any CPU
		{29062285-9DCE-4A87-A2BC-4FC97CF030FB}.Debug|Any CPU.Build.0 = Debug|Any CPU
		{29062285-9DCE-4A87-A2BC-4FC97CF030FB}.Release|Any CPU.ActiveCfg = Release|Any CPU
		{29062285-9DCE-4A87-A2BC-4FC97CF030FB}.Release|Any CPU.Build.0 = Release|Any CPU
	EndGlobalSection
	GlobalSection(SolutionProperties) = preSolution
		HideSolutionNode = FALSE
	EndGlobalSection
	GlobalSection(ExtensibilityGlobals) = postSolution
		SolutionGuid = {D68B1E59-A9DB-4B70-ABD6-36A2419B4B22}
	EndGlobalSection
EndGlobal
